
Microsoft Visual Studio Solution File, Format Version 12.00
# Visual Studio Version 17
VisualStudioVersion = 17.4.33122.133
MinimumVisualStudioVersion = 10.0.40219.1
Project("{9A19103F-16F7-4668-BE54-9A1E7A4F7556}") = "TaskSocket", "TaskSocket.csproj", "{98AD9C9B-160D-42CF-AA62-E980D8408103}"
EndProject
Project("{2150E333-8FDC-42A3-9474-1A3956D46DE8}") = "Solution Items", "Solution Items", "{662225A4-7BDF-4172-83D2-626461B38431}"
	ProjectSection(SolutionItems) = preProject
		.editorconfig = .editorconfig
	EndProjectSection
EndProject
Project("{FAE04EC0-301F-11D3-BF4B-00C04F79EFBC}") = "ConsoleApp1", "C:\Users\MARC_AUBRY-BOISSEL\Desktop\ConsoleApp1\ConsoleApp1.csproj", "{855034EA-3CA9-482A-B44A-8B4D6D53DC24}"
EndProject
Global
	GlobalSection(SolutionConfigurationPlatforms) = preSolution
		Debug|Any CPU = Debug|Any CPU
		Debug|x64 = Debug|x64
		Release|Any CPU = Release|Any CPU
		Release|x64 = Release|x64
	EndGlobalSection
	GlobalSection(ProjectConfigurationPlatforms) = postSolution
		{98AD9C9B-160D-42CF-AA62-E980D8408103}.Debug|Any CPU.ActiveCfg = Debug|x64
		{98AD9C9B-160D-42CF-AA62-E980D8408103}.Debug|Any CPU.Build.0 = Debug|x64
		{98AD9C9B-160D-42CF-AA62-E980D8408103}.Debug|x64.ActiveCfg = Debug|x64
		{98AD9C9B-160D-42CF-AA62-E980D8408103}.Debug|x64.Build.0 = Debug|x64
		{98AD9C9B-160D-42CF-AA62-E980D8408103}.Release|Any CPU.ActiveCfg = Release|x64
		{98AD9C9B-160D-42CF-AA62-E980D8408103}.Release|Any CPU.Build.0 = Release|x64
		{98AD9C9B-160D-42CF-AA62-E980D8408103}.Release|x64.ActiveCfg = Release|x64
		{98AD9C9B-160D-42CF-AA62-E980D8408103}.Release|x64.Build.0 = Release|x64
		{855034EA-3CA9-482A-B44A-8B4D6D53DC24}.Debug|Any CPU.ActiveCfg = Debug|Any CPU
		{855034EA-3CA9-482A-B44A-8B4D6D53DC24}.Debug|Any CPU.Build.0 = Debug|Any CPU
		{855034EA-3CA9-482A-B44A-8B4D6D53DC24}.Debug|x64.ActiveCfg = Debug|Any CPU
		{855034EA-3CA9-482A-B44A-8B4D6D53DC24}.Debug|x64.Build.0 = Debug|Any CPU
		{855034EA-3CA9-482A-B44A-8B4D6D53DC24}.Release|Any CPU.ActiveCfg = Release|Any CPU
		{855034EA-3CA9-482A-B44A-8B4D6D53DC24}.Release|Any CPU.Build.0 = Release|Any CPU
		{855034EA-3CA9-482A-B44A-8B4D6D53DC24}.Release|x64.ActiveCfg = Release|Any CPU
		{855034EA-3CA9-482A-B44A-8B4D6D53DC24}.Release|x64.Build.0 = Release|Any CPU
	EndGlobalSection
	GlobalSection(SolutionProperties) = preSolution
		HideSolutionNode = FALSE
	EndGlobalSection
	GlobalSection(ExtensibilityGlobals) = postSolution
		SolutionGuid = {7B816D14-71BA-484C-854D-CFFC48B59538}
	EndGlobalSection
EndGlobal
